
Microsoft Visual Studio Solution File, Format Version 12.00
# Visual Studio Version 17
VisualStudioVersion = 17.9.34723.18
MinimumVisualStudioVersion = 10.0.40219.1
Project("{FAE04EC0-301F-11D3-BF4B-00C04F79EFBC}") = "hachapyrina2.0", "hachapyrina2.0.csproj", "{99074199-780B-4C24-866E-B56EF9EEF7FE}"
EndProject
Global
	GlobalSection(SolutionConfigurationPlatforms) = preSolution
		Debug|Any CPU = Debug|Any CPU
		Release|Any CPU = Release|Any CPU
	EndGlobalSection
	GlobalSection(ProjectConfigurationPlatforms) = postSolution
		{99074199-780B-4C24-866E-B56EF9EEF7FE}.Debug|Any CPU.ActiveCfg = Debug|Any CPU
		{99074199-780B-4C24-866E-B56EF9EEF7FE}.Debug|Any CPU.Build.0 = Debug|Any CPU
		{99074199-780B-4C24-866E-B56EF9EEF7FE}.Release|Any CPU.ActiveCfg = Release|Any CPU
		{99074199-780B-4C24-866E-B56EF9EEF7FE}.Release|Any CPU.Build.0 = Release|Any CPU
	EndGlobalSection
	GlobalSection(SolutionProperties) = preSolution
		HideSolutionNode = FALSE
	EndGlobalSection
	GlobalSection(ExtensibilityGlobals) = postSolution
		SolutionGuid = {48459B7D-B600-4F55-8CC8-A887400E7E0D}
	EndGlobalSection
EndGlobal
